{
  "requires": true,
  "lockfileVersion": 1,
  "dependencies": {
    "bootstrap": {
      "version": "4.1.3",
      "resolved": "https://registry.npmjs.org/bootstrap/-/bootstrap-4.1.3.tgz",
      "integrity": "sha512-rDFIzgXcof0jDyjNosjv4Sno77X4KuPeFxG2XZZv1/Kc8DRVGVADdoQyyOVDwPqL36DDmtCQbrpMCqvpPLJQ0w=="
    },
    "cleave.js": {
      "version": "1.4.4",
      "resolved": "https://registry.npmjs.org/cleave.js/-/cleave.js-1.4.4.tgz",
      "integrity": "sha512-QZw3B9dhTEe2W9zUJLvJdqn1Bwgq/SlAwRQD7x+EO+QNfYKdLXow2GCLAjhyrGI+vD8P7RTVX6f8b+m3X9niiw=="
    },
    "jquery": {
      "version": "3.3.1",
      "resolved": "https://registry.npmjs.org/jquery/-/jquery-3.3.1.tgz",
      "integrity": "sha512-Ubldcmxp5np52/ENotGxlLe6aGMvmF4R8S6tZjsP6Knsaxd/xp3Zrh50cG93lR6nPXyUFwzN3ZSOQI0wRJNdGg=="
    },
    "jquery-validate": {
      "version": "2.0.0",
      "resolved": "https://registry.npmjs.org/jquery-validate/-/jquery-validate-2.0.0.tgz",
      "integrity": "sha1-qdqeVmgmJ/xPxUdMwdEMJoUJwlk="
    },
    "jquery-validation": {
      "version": "1.18.0",
      "resolved": "https://registry.npmjs.org/jquery-validation/-/jquery-validation-1.18.0.tgz",
      "integrity": "sha512-+MK0pvoegfLrJnwtCU6tx305Vgp9HWevpmdVwDf5TthmINkn0wqqLD0bpa75EERlHsBBjMmza//ppx5ZQPnW3Q==",
      "requires": {
        "jquery": "^1.7 || ^2.0 || ^3.1"
      }
    }
  }
}
